PODS:
  - Capacitor (5.5.0):
    - CapacitorCordova
  - CapacitorApp (5.0.6):
    - Capacitor
  - CapacitorCamera (5.0.6):
    - Capacitor
  - CapacitorCommunityBarcodeScanner (4.0.1):
    - Capacitor
  - CapacitorCordova (5.5.0)
  - CapacitorHaptics (5.0.2):
    - Capacitor
  - CapacitorKeyboard (5.0.2):
    - Capacitor
  - CapacitorSplashScreen (5.0.6):
    - Capacitor
  - CapacitorStatusBar (5.0.2):
    - Capacitor
  - CapacitorToast (5.0.6):
    - Capacitor

DEPENDENCIES:
  - "Capacitor (from `../../../../node_modules/.pnpm/@capacitor+ios@5.5.0_@capacitor+core@5.5.0/node_modules/@capacitor/ios`)"
  - "CapacitorApp (from `../../../../node_modules/.pnpm/@capacitor+app@5.0.6_@capacitor+core@5.5.0/node_modules/@capacitor/app`)"
  - "CapacitorCamera (from `../../../../node_modules/.pnpm/@capacitor+camera@5.0.6_@capacitor+core@5.5.0/node_modules/@capacitor/camera`)"
  - "CapacitorCommunityBarcodeScanner (from `../../../../node_modules/.pnpm/@capacitor-community+barcode-scanner@4.0.1_@capacitor+core@5.5.0/node_modules/@capacitor-community/barcode-scanner`)"
  - "CapacitorCordova (from `../../../../node_modules/.pnpm/@capacitor+ios@5.5.0_@capacitor+core@5.5.0/node_modules/@capacitor/ios`)"
  - "CapacitorHaptics (from `../../../../node_modules/.pnpm/@capacitor+haptics@5.0.2_@capacitor+core@5.5.0/node_modules/@capacitor/haptics`)"
  - "CapacitorKeyboard (from `../../../../node_modules/.pnpm/@capacitor+keyboard@5.0.2_@capacitor+core@5.5.0/node_modules/@capacitor/keyboard`)"
  - "CapacitorSplashScreen (from `../../../../node_modules/.pnpm/@capacitor+splash-screen@5.0.6_@capacitor+core@5.5.0/node_modules/@capacitor/splash-screen`)"
  - "CapacitorStatusBar (from `../../../../node_modules/.pnpm/@capacitor+status-bar@5.0.2_@capacitor+core@5.5.0/node_modules/@capacitor/status-bar`)"
  - "CapacitorToast (from `../../../../node_modules/.pnpm/@capacitor+toast@5.0.6_@capacitor+core@5.5.0/node_modules/@capacitor/toast`)"

EXTERNAL SOURCES:
  Capacitor:
    :path: "../../../../node_modules/.pnpm/@capacitor+ios@5.5.0_@capacitor+core@5.5.0/node_modules/@capacitor/ios"
  CapacitorApp:
    :path: "../../../../node_modules/.pnpm/@capacitor+app@5.0.6_@capacitor+core@5.5.0/node_modules/@capacitor/app"
  CapacitorCamera:
    :path: "../../../../node_modules/.pnpm/@capacitor+camera@5.0.6_@capacitor+core@5.5.0/node_modules/@capacitor/camera"
  CapacitorCommunityBarcodeScanner:
    :path: "../../../../node_modules/.pnpm/@capacitor-community+barcode-scanner@4.0.1_@capacitor+core@5.5.0/node_modules/@capacitor-community/barcode-scanner"
  CapacitorCordova:
    :path: "../../../../node_modules/.pnpm/@capacitor+ios@5.5.0_@capacitor+core@5.5.0/node_modules/@capacitor/ios"
  CapacitorHaptics:
    :path: "../../../../node_modules/.pnpm/@capacitor+haptics@5.0.2_@capacitor+core@5.5.0/node_modules/@capacitor/haptics"
  CapacitorKeyboard:
    :path: "../../../../node_modules/.pnpm/@capacitor+keyboard@5.0.2_@capacitor+core@5.5.0/node_modules/@capacitor/keyboard"
  CapacitorSplashScreen:
    :path: "../../../../node_modules/.pnpm/@capacitor+splash-screen@5.0.6_@capacitor+core@5.5.0/node_modules/@capacitor/splash-screen"
  CapacitorStatusBar:
    :path: "../../../../node_modules/.pnpm/@capacitor+status-bar@5.0.2_@capacitor+core@5.5.0/node_modules/@capacitor/status-bar"
  CapacitorToast:
    :path: "../../../../node_modules/.pnpm/@capacitor+toast@5.0.6_@capacitor+core@5.5.0/node_modules/@capacitor/toast"

SPEC CHECKSUMS:
  Capacitor: 57890b363df14d5d2d5d8461aa23e886cb34da2a
  CapacitorApp: 024e1b1bea5f883d79f6330d309bc441c88ad04a
  CapacitorCamera: 4a95204d13a05b0b726bf9086b44124349ab1952
  CapacitorCommunityBarcodeScanner: 7feb206489c8555a8ca0c74c57ddf49ead774eb8
  CapacitorCordova: 3d3908a3d208a11a75f9df3b18c4405c4de76e1d
  CapacitorHaptics: 864585542a435bd41eaabf7f30d9ff5ec03024d3
  CapacitorKeyboard: e628d4e66d621c69e449945ebabded17c5b9c2e8
  CapacitorSplashScreen: 5fa2ab5e46cf5cc530cf16a51c80c7a986579ccd
  CapacitorStatusBar: 48f2899f6846cc7d8431b251ebfc58e1c10e3d58
  CapacitorToast: bb0d79b78d9c27c0199b57f735dd50b8fc363489

PODFILE CHECKSUM: 42be050b253db6adf5a635bc87a489f57489cf8d

COCOAPODS: 1.12.1
